// !$*UTF8*$!
{
	archiveVersion = 1;
	classes = {
	};
	objectVersion = 46;
	objects = {

/* Begin PBXBuildFile section */
		1535056E2062665100D500D6 /* ContactViewController.swift in Sources */ = {isa = PBXBuildFile; fileRef = 1535056D2062665100D500D6 /* ContactViewController.swift */; };
		15356CDD2045C562003A7EB8 /* MedicamentModel.swift in Sources */ = {isa = PBXBuildFile; fileRef = 15356CDC2045C562003A7EB8 /* MedicamentModel.swift */; };
		15356CDF2045C5AE003A7EB8 /* DoseModel.swift in Sources */ = {isa = PBXBuildFile; fileRef = 15356CDE2045C5AE003A7EB8 /* DoseModel.swift */; };
		1581149020583434001A912F /* MedicamentTableViewCell.swift in Sources */ = {isa = PBXBuildFile; fileRef = 1581148F20583434001A912F /* MedicamentTableViewCell.swift */; };
		1581149220583903001A912F /* MedicamentViewController.swift in Sources */ = {isa = PBXBuildFile; fileRef = 1581149120583903001A912F /* MedicamentViewController.swift */; };
		15D08BF520616DC000302868 /* ContactTableViewCell.swift in Sources */ = {isa = PBXBuildFile; fileRef = 15D08BF420616DC000302868 /* ContactTableViewCell.swift */; };
		15D08BF72061779500302868 /* ContactsViewController.swift in Sources */ = {isa = PBXBuildFile; fileRef = 15D08BF62061779500302868 /* ContactsViewController.swift */; };
		15D08BF92061829200302868 /* NewContactViewController.swift in Sources */ = {isa = PBXBuildFile; fileRef = 15D08BF82061829200302868 /* NewContactViewController.swift */; };
		15D08BFB2061843700302868 /* ProfessionalSetModel.swift in Sources */ = {isa = PBXBuildFile; fileRef = 15D08BFA2061843700302868 /* ProfessionalSetModel.swift */; };
		6F0B99B620453ED200A1BEF8 /* RendezVousSet.swift in Sources */ = {isa = PBXBuildFile; fileRef = 6F0B99B520453ED200A1BEF8 /* RendezVousSet.swift */; };
		6F0B99B820453F7D00A1BEF8 /* RDVModel.swift in Sources */ = {isa = PBXBuildFile; fileRef = 6F0B99B720453F7D00A1BEF8 /* RDVModel.swift */; };
		E91C2D5120616CC100A2519B /* Professional.swift in Sources */ = {isa = PBXBuildFile; fileRef = E91C2D5020616CC100A2519B /* Professional.swift */; };
		E938374C20454C85005A6FCF /* ProfessionalModel.swift in Sources */ = {isa = PBXBuildFile; fileRef = E938374B20454C85005A6FCF /* ProfessionalModel.swift */; };
		E938375020454E16005A6FCF /* Professionals.swift in Sources */ = {isa = PBXBuildFile; fileRef = E938374F20454E16005A6FCF /* Professionals.swift */; };
		E938375120454E16005A6FCF /* Professionals.swift in Sources */ = {isa = PBXBuildFile; fileRef = E938374F20454E16005A6FCF /* Professionals.swift */; };
		E9490398203C38DC00FE7396 /* AppDelegate.swift in Sources */ = {isa = PBXBuildFile; fileRef = E9490397203C38DC00FE7396 /* AppDelegate.swift */; };
		E949039A203C38DC00FE7396 /* ViewController.swift in Sources */ = {isa = PBXBuildFile; fileRef = E9490399203C38DC00FE7396 /* ViewController.swift */; };
		E949039D203C38DC00FE7396 /* Main.storyboard in Resources */ = {isa = PBXBuildFile; fileRef = E949039B203C38DC00FE7396 /* Main.storyboard */; };
		E94903A0203C38DC00FE7396 /* ParkinCare.xcdatamodeld in Sources */ = {isa = PBXBuildFile; fileRef = E949039E203C38DC00FE7396 /* ParkinCare.xcdatamodeld */; };
		E94903A2203C38DC00FE7396 /* Assets.xcassets in Resources */ = {isa = PBXBuildFile; fileRef = E94903A1203C38DC00FE7396 /* Assets.xcassets */; };
		E94903A5203C38DC00FE7396 /* LaunchScreen.storyboard in Resources */ = {isa = PBXBuildFile; fileRef = E94903A3203C38DC00FE7396 /* LaunchScreen.storyboard */; };
		E94903B0203C38DC00FE7396 /* ParkinCareTests.swift in Sources */ = {isa = PBXBuildFile; fileRef = E94903AF203C38DC00FE7396 /* ParkinCareTests.swift */; };
		E94903BB203C38DC00FE7396 /* ParkinCareUITests.swift in Sources */ = {isa = PBXBuildFile; fileRef = E94903BA203C38DC00FE7396 /* ParkinCareUITests.swift */; };
		E94903CA203C3D1000FE7396 /* PrescriptionModel.swift in Sources */ = {isa = PBXBuildFile; fileRef = E94903C9203C3D0F00FE7396 /* PrescriptionModel.swift */; };
		E94903CE203C3E8100FE7396 /* UserModel.swift in Sources */ = {isa = PBXBuildFile; fileRef = E94903CD203C3E8100FE7396 /* UserModel.swift */; };
		E94903D2203C452F00FE7396 /* Prescriptions.swift in Sources */ = {isa = PBXBuildFile; fileRef = E94903D1203C452F00FE7396 /* Prescriptions.swift */; };
		E94903D3203C452F00FE7396 /* Prescriptions.swift in Sources */ = {isa = PBXBuildFile; fileRef = E94903D1203C452F00FE7396 /* Prescriptions.swift */; };
		E94E74C32040289000AECAC6 /* Activities.swift in Sources */ = {isa = PBXBuildFile; fileRef = E94E74C22040289000AECAC6 /* Activities.swift */; };
		E94E74C42040289000AECAC6 /* Activities.swift in Sources */ = {isa = PBXBuildFile; fileRef = E94E74C22040289000AECAC6 /* Activities.swift */; };
		E94E74C720402A2400AECAC6 /* ActivityModel.swift in Sources */ = {isa = PBXBuildFile; fileRef = E94E74C620402A2400AECAC6 /* ActivityModel.swift */; };
		E94E74CB20402B3100AECAC6 /* EvaluationModel.swift in Sources */ = {isa = PBXBuildFile; fileRef = E94E74CA20402B3100AECAC6 /* EvaluationModel.swift */; };
		E94E74CF20402C0C00AECAC6 /* Evaluations.swift in Sources */ = {isa = PBXBuildFile; fileRef = E94E74CE20402C0C00AECAC6 /* Evaluations.swift */; };
		E94E74D020402C0C00AECAC6 /* Evaluations.swift in Sources */ = {isa = PBXBuildFile; fileRef = E94E74CE20402C0C00AECAC6 /* Evaluations.swift */; };
		E96D53FF205822F7004562BE /* ParkinCare.xcdatamodeld in Sources */ = {isa = PBXBuildFile; fileRef = E949039E203C38DC00FE7396 /* ParkinCare.xcdatamodeld */; };
		E96D5406205830CA004562BE /* ParkinCareLogo.png in Resources */ = {isa = PBXBuildFile; fileRef = E96D5405205830CA004562BE /* ParkinCareLogo.png */; };
		E9F0FCDD2058888500939660 /* CoreDataManager.swift in Sources */ = {isa = PBXBuildFile; fileRef = E9F0FCDC2058888500939660 /* CoreDataManager.swift */; };
		E9F0FCDF20588C3400939660 /* DialogBoxHelper.swift in Sources */ = {isa = PBXBuildFile; fileRef = E9F0FCDE20588C3400939660 /* DialogBoxHelper.swift */; };
/* End PBXBuildFile section */

/* Begin PBXContainerItemProxy section */
		E94903AC203C38DC00FE7396 /* PBXContainerItemProxy */ = {
			isa = PBXContainerItemProxy;
			containerPortal = E949038C203C38DC00FE7396 /* Project object */;
			proxyType = 1;
			remoteGlobalIDString = E9490393203C38DC00FE7396;
			remoteInfo = ParkinCare;
		};
		E94903B7203C38DC00FE7396 /* PBXContainerItemProxy */ = {
			isa = PBXContainerItemProxy;
			containerPortal = E949038C203C38DC00FE7396 /* Project object */;
			proxyType = 1;
			remoteGlobalIDString = E9490393203C38DC00FE7396;
			remoteInfo = ParkinCare;
		};
/* End PBXContainerItemProxy section */

/* Begin PBXFileReference section */
		1535056D2062665100D500D6 /* ContactViewController.swift */ = {isa = PBXFileReference; fileEncoding = 4; lastKnownFileType = sourcecode.swift; path = ContactViewController.swift; sourceTree = "<group>"; };
		15356CDC2045C562003A7EB8 /* MedicamentModel.swift */ = {isa = PBXFileReference; fileEncoding = 4; lastKnownFileType = sourcecode.swift; path = MedicamentModel.swift; sourceTree = "<group>"; };
		15356CDE2045C5AE003A7EB8 /* DoseModel.swift */ = {isa = PBXFileReference; fileEncoding = 4; lastKnownFileType = sourcecode.swift; path = DoseModel.swift; sourceTree = "<group>"; };
		1581148F20583434001A912F /* MedicamentTableViewCell.swift */ = {isa = PBXFileReference; fileEncoding = 4; lastKnownFileType = sourcecode.swift; path = MedicamentTableViewCell.swift; sourceTree = "<group>"; };
		1581149120583903001A912F /* MedicamentViewController.swift */ = {isa = PBXFileReference; fileEncoding = 4; lastKnownFileType = sourcecode.swift; path = MedicamentViewController.swift; sourceTree = "<group>"; };
		15D08BF420616DC000302868 /* ContactTableViewCell.swift */ = {isa = PBXFileReference; fileEncoding = 4; lastKnownFileType = sourcecode.swift; name = ContactTableViewCell.swift; path = ../ContactTableViewCell.swift; sourceTree = "<group>"; };
		15D08BF62061779500302868 /* ContactsViewController.swift */ = {isa = PBXFileReference; fileEncoding = 4; lastKnownFileType = sourcecode.swift; path = ContactsViewController.swift; sourceTree = "<group>"; };
		15D08BF82061829200302868 /* NewContactViewController.swift */ = {isa = PBXFileReference; fileEncoding = 4; lastKnownFileType = sourcecode.swift; path = NewContactViewController.swift; sourceTree = "<group>"; };
		15D08BFA2061843700302868 /* ProfessionalSetModel.swift */ = {isa = PBXFileReference; fileEncoding = 4; lastKnownFileType = sourcecode.swift; path = ProfessionalSetModel.swift; sourceTree = "<group>"; };
		6F0B99B520453ED200A1BEF8 /* RendezVousSet.swift */ = {isa = PBXFileReference; fileEncoding = 4; lastKnownFileType = sourcecode.swift; path = RendezVousSet.swift; sourceTree = "<group>"; };
		6F0B99B720453F7D00A1BEF8 /* RDVModel.swift */ = {isa = PBXFileReference; fileEncoding = 4; lastKnownFileType = sourcecode.swift; path = RDVModel.swift; sourceTree = "<group>"; };
		E91C2D5020616CC100A2519B /* Professional.swift */ = {isa = PBXFileReference; fileEncoding = 4; lastKnownFileType = sourcecode.swift; path = Professional.swift; sourceTree = "<group>"; };
		E938374B20454C85005A6FCF /* ProfessionalModel.swift */ = {isa = PBXFileReference; fileEncoding = 4; lastKnownFileType = sourcecode.swift; path = ProfessionalModel.swift; sourceTree = "<group>"; };
		E938374F20454E16005A6FCF /* Professionals.swift */ = {isa = PBXFileReference; fileEncoding = 4; lastKnownFileType = sourcecode.swift; path = Professionals.swift; sourceTree = "<group>"; };
		E9490394203C38DC00FE7396 /* ParkinCare.app */ = {isa = PBXFileReference; explicitFileType = wrapper.application; includeInIndex = 0; path = ParkinCare.app; sourceTree = BUILT_PRODUCTS_DIR; };
		E9490397203C38DC00FE7396 /* AppDelegate.swift */ = {isa = PBXFileReference; lastKnownFileType = sourcecode.swift; path = AppDelegate.swift; sourceTree = "<group>"; };
		E9490399203C38DC00FE7396 /* ViewController.swift */ = {isa = PBXFileReference; lastKnownFileType = sourcecode.swift; path = ViewController.swift; sourceTree = "<group>"; };
		E949039C203C38DC00FE7396 /* Base */ = {isa = PBXFileReference; lastKnownFileType = file.storyboard; name = Base; path = Base.lproj/Main.storyboard; sourceTree = "<group>"; };
		E949039F203C38DC00FE7396 /* ParkinCare.xcdatamodel */ = {isa = PBXFileReference; lastKnownFileType = wrapper.xcdatamodel; path = ParkinCare.xcdatamodel; sourceTree = "<group>"; };
		E94903A1203C38DC00FE7396 /* Assets.xcassets */ = {isa = PBXFileReference; lastKnownFileType = folder.assetcatalog; path = Assets.xcassets; sourceTree = "<group>"; };
		E94903A4203C38DC00FE7396 /* Base */ = {isa = PBXFileReference; lastKnownFileType = file.storyboard; name = Base; path = Base.lproj/LaunchScreen.storyboard; sourceTree = "<group>"; };
		E94903A6203C38DC00FE7396 /* Info.plist */ = {isa = PBXFileReference; lastKnownFileType = text.plist.xml; path = Info.plist; sourceTree = "<group>"; };
		E94903AB203C38DC00FE7396 /* ParkinCareTests.xctest */ = {isa = PBXFileReference; explicitFileType = wrapper.cfbundle; includeInIndex = 0; path = ParkinCareTests.xctest; sourceTree = BUILT_PRODUCTS_DIR; };
		E94903AF203C38DC00FE7396 /* ParkinCareTests.swift */ = {isa = PBXFileReference; lastKnownFileType = sourcecode.swift; path = ParkinCareTests.swift; sourceTree = "<group>"; };
		E94903B1203C38DC00FE7396 /* Info.plist */ = {isa = PBXFileReference; lastKnownFileType = text.plist.xml; path = Info.plist; sourceTree = "<group>"; };
		E94903B6203C38DC00FE7396 /* ParkinCareUITests.xctest */ = {isa = PBXFileReference; explicitFileType = wrapper.cfbundle; includeInIndex = 0; path = ParkinCareUITests.xctest; sourceTree = BUILT_PRODUCTS_DIR; };
		E94903BA203C38DC00FE7396 /* ParkinCareUITests.swift */ = {isa = PBXFileReference; lastKnownFileType = sourcecode.swift; path = ParkinCareUITests.swift; sourceTree = "<group>"; };
		E94903BC203C38DC00FE7396 /* Info.plist */ = {isa = PBXFileReference; lastKnownFileType = text.plist.xml; path = Info.plist; sourceTree = "<group>"; };
		E94903C9203C3D0F00FE7396 /* PrescriptionModel.swift */ = {isa = PBXFileReference; fileEncoding = 4; lastKnownFileType = sourcecode.swift; path = PrescriptionModel.swift; sourceTree = "<group>"; };
		E94903CD203C3E8100FE7396 /* UserModel.swift */ = {isa = PBXFileReference; fileEncoding = 4; lastKnownFileType = sourcecode.swift; path = UserModel.swift; sourceTree = "<group>"; };
		E94903D1203C452F00FE7396 /* Prescriptions.swift */ = {isa = PBXFileReference; fileEncoding = 4; lastKnownFileType = sourcecode.swift; path = Prescriptions.swift; sourceTree = "<group>"; };
		E94E74C22040289000AECAC6 /* Activities.swift */ = {isa = PBXFileReference; fileEncoding = 4; lastKnownFileType = sourcecode.swift; path = Activities.swift; sourceTree = "<group>"; };
		E94E74C620402A2400AECAC6 /* ActivityModel.swift */ = {isa = PBXFileReference; fileEncoding = 4; lastKnownFileType = sourcecode.swift; path = ActivityModel.swift; sourceTree = "<group>"; };
		E94E74CA20402B3100AECAC6 /* EvaluationModel.swift */ = {isa = PBXFileReference; fileEncoding = 4; lastKnownFileType = sourcecode.swift; path = EvaluationModel.swift; sourceTree = "<group>"; };
		E94E74CE20402C0C00AECAC6 /* Evaluations.swift */ = {isa = PBXFileReference; fileEncoding = 4; lastKnownFileType = sourcecode.swift; path = Evaluations.swift; sourceTree = "<group>"; };
		E96D5405205830CA004562BE /* ParkinCareLogo.png */ = {isa = PBXFileReference; lastKnownFileType = image.png; name = ParkinCareLogo.png; path = ParkinCare/ParkinCareLogo.png; sourceTree = "<group>"; };
		E9F0FCDC2058888500939660 /* CoreDataManager.swift */ = {isa = PBXFileReference; fileEncoding = 4; lastKnownFileType = sourcecode.swift; path = CoreDataManager.swift; sourceTree = "<group>"; };
		E9F0FCDE20588C3400939660 /* DialogBoxHelper.swift */ = {isa = PBXFileReference; fileEncoding = 4; lastKnownFileType = sourcecode.swift; path = DialogBoxHelper.swift; sourceTree = "<group>"; };
/* End PBXFileReference section */

/* Begin PBXFrameworksBuildPhase section */
		E9490391203C38DC00FE7396 /* Frameworks */ = {
			isa = PBXFrameworksBuildPhase;
			buildActionMask = 2147483647;
			files = (
			);
			runOnlyForDeploymentPostprocessing = 0;
		};
		E94903A8203C38DC00FE7396 /* Frameworks */ = {
			isa = PBXFrameworksBuildPhase;
			buildActionMask = 2147483647;
			files = (
			);
			runOnlyForDeploymentPostprocessing = 0;
		};
		E94903B3203C38DC00FE7396 /* Frameworks */ = {
			isa = PBXFrameworksBuildPhase;
			buildActionMask = 2147483647;
			files = (
			);
			runOnlyForDeploymentPostprocessing = 0;
		};
/* End PBXFrameworksBuildPhase section */

/* Begin PBXGroup section */
		E91C2D4F20616C6200A2519B /* DAO */ = {
			isa = PBXGroup;
			children = (
				E91C2D5020616CC100A2519B /* Professional.swift */,
			);
			name = DAO;
			sourceTree = "<group>";
		};
		E9279FD62058187500381EEC /* Controllers */ = {
			isa = PBXGroup;
			children = (
				15D08BF82061829200302868 /* NewContactViewController.swift */,
				15D08BF62061779500302868 /* ContactsViewController.swift */,
				1581149120583903001A912F /* MedicamentViewController.swift */,
				1535056D2062665100D500D6 /* ContactViewController.swift */,
			);
			name = Controllers;
			sourceTree = "<group>";
		};
		E949038B203C38DC00FE7396 = {
			isa = PBXGroup;
			children = (
				E9490396203C38DC00FE7396 /* ParkinCare */,
				E94903AE203C38DC00FE7396 /* ParkinCareTests */,
				E94903B9203C38DC00FE7396 /* ParkinCareUITests */,
				E9490395203C38DC00FE7396 /* Products */,
			);
			sourceTree = "<group>";
		};
		E9490395203C38DC00FE7396 /* Products */ = {
			isa = PBXGroup;
			children = (
				E9490394203C38DC00FE7396 /* ParkinCare.app */,
				E94903AB203C38DC00FE7396 /* ParkinCareTests.xctest */,
				E94903B6203C38DC00FE7396 /* ParkinCareUITests.xctest */,
			);
			name = Products;
			sourceTree = "<group>";
		};
		E9490396203C38DC00FE7396 /* ParkinCare */ = {
			isa = PBXGroup;
			children = (
				E91C2D4F20616C6200A2519B /* DAO */,
				E94B1E2A205D263C00A7182E /* Models */,
				E9F0FCE02058A28D00939660 /* Views */,
				E9F0FCDB2058880200939660 /* Class Helpers */,
				E96D540020582541004562BE /* Images */,
				E9279FD62058187500381EEC /* Controllers */,
				E94903C8203C3BDD00FE7396 /* SpecFonctionelle */,
				E9490397203C38DC00FE7396 /* AppDelegate.swift */,
				E9490399203C38DC00FE7396 /* ViewController.swift */,
				E949039B203C38DC00FE7396 /* Main.storyboard */,
				E94903A1203C38DC00FE7396 /* Assets.xcassets */,
				E94903A3203C38DC00FE7396 /* LaunchScreen.storyboard */,
				E94903A6203C38DC00FE7396 /* Info.plist */,
				E949039E203C38DC00FE7396 /* ParkinCare.xcdatamodeld */,
			);
			path = ParkinCare;
			sourceTree = "<group>";
		};
		E94903AE203C38DC00FE7396 /* ParkinCareTests */ = {
			isa = PBXGroup;
			children = (
				E94903AF203C38DC00FE7396 /* ParkinCareTests.swift */,
				E94903B1203C38DC00FE7396 /* Info.plist */,
			);
			path = ParkinCareTests;
			sourceTree = "<group>";
		};
		E94903B9203C38DC00FE7396 /* ParkinCareUITests */ = {
			isa = PBXGroup;
			children = (
				E94903BA203C38DC00FE7396 /* ParkinCareUITests.swift */,
				E94903BC203C38DC00FE7396 /* Info.plist */,
			);
			path = ParkinCareUITests;
			sourceTree = "<group>";
		};
		E94903C8203C3BDD00FE7396 /* SpecFonctionelle */ = {
			isa = PBXGroup;
			children = (
				E94903D1203C452F00FE7396 /* Prescriptions.swift */,
				E94E74C22040289000AECAC6 /* Activities.swift */,
				E94E74CE20402C0C00AECAC6 /* Evaluations.swift */,
				6F0B99B520453ED200A1BEF8 /* RendezVousSet.swift */,
				E938374F20454E16005A6FCF /* Professionals.swift */,
			);
			name = SpecFonctionelle;
			sourceTree = "<group>";
		};
		E94B1E2A205D263C00A7182E /* Models */ = {
			isa = PBXGroup;
			children = (
				E938374B20454C85005A6FCF /* ProfessionalModel.swift */,
				E94903CD203C3E8100FE7396 /* UserModel.swift */,
				E94E74C620402A2400AECAC6 /* ActivityModel.swift */,
				6F0B99B720453F7D00A1BEF8 /* RDVModel.swift */,
				E94E74CA20402B3100AECAC6 /* EvaluationModel.swift */,
				15356CDC2045C562003A7EB8 /* MedicamentModel.swift */,
				15356CDE2045C5AE003A7EB8 /* DoseModel.swift */,
				E94903C9203C3D0F00FE7396 /* PrescriptionModel.swift */,
				15D08BFA2061843700302868 /* ProfessionalSetModel.swift */,
			);
			name = Models;
			sourceTree = "<group>";
		};
		E96D540020582541004562BE /* Images */ = {
			isa = PBXGroup;
			children = (
				E96D5405205830CA004562BE /* ParkinCareLogo.png */,
			);
			name = Images;
			path = ..;
			sourceTree = "<group>";
		};
		E9F0FCDB2058880200939660 /* Class Helpers */ = {
			isa = PBXGroup;
			children = (
				E9F0FCDC2058888500939660 /* CoreDataManager.swift */,
				E9F0FCDE20588C3400939660 /* DialogBoxHelper.swift */,
			);
			name = "Class Helpers";
			sourceTree = "<group>";
		};
		E9F0FCE02058A28D00939660 /* Views */ = {
			isa = PBXGroup;
			children = (
				1581148F20583434001A912F /* MedicamentTableViewCell.swift */,
				15D08BF420616DC000302868 /* ContactTableViewCell.swift */,
			);
			name = Views;
			sourceTree = "<group>";
		};
/* End PBXGroup section */

/* Begin PBXNativeTarget section */
		E9490393203C38DC00FE7396 /* ParkinCare */ = {
			isa = PBXNativeTarget;
			buildConfigurationList = E94903BF203C38DC00FE7396 /* Build configuration list for PBXNativeTarget "ParkinCare" */;
			buildPhases = (
				E9490390203C38DC00FE7396 /* Sources */,
				E9490391203C38DC00FE7396 /* Frameworks */,
				E9490392203C38DC00FE7396 /* Resources */,
			);
			buildRules = (
			);
			dependencies = (
			);
			name = ParkinCare;
			productName = ParkinCare;
			productReference = E9490394203C38DC00FE7396 /* ParkinCare.app */;
			productType = "com.apple.product-type.application";
		};
		E94903AA203C38DC00FE7396 /* ParkinCareTests */ = {
			isa = PBXNativeTarget;
			buildConfigurationList = E94903C2203C38DC00FE7396 /* Build configuration list for PBXNativeTarget "ParkinCareTests" */;
			buildPhases = (
				E94903A7203C38DC00FE7396 /* Sources */,
				E94903A8203C38DC00FE7396 /* Frameworks */,
				E94903A9203C38DC00FE7396 /* Resources */,
			);
			buildRules = (
			);
			dependencies = (
				E94903AD203C38DC00FE7396 /* PBXTargetDependency */,
			);
			name = ParkinCareTests;
			productName = ParkinCareTests;
			productReference = E94903AB203C38DC00FE7396 /* ParkinCareTests.xctest */;
			productType = "com.apple.product-type.bundle.unit-test";
		};
		E94903B5203C38DC00FE7396 /* ParkinCareUITests */ = {
			isa = PBXNativeTarget;
			buildConfigurationList = E94903C5203C38DC00FE7396 /* Build configuration list for PBXNativeTarget "ParkinCareUITests" */;
			buildPhases = (
				E94903B2203C38DC00FE7396 /* Sources */,
				E94903B3203C38DC00FE7396 /* Frameworks */,
				E94903B4203C38DC00FE7396 /* Resources */,
			);
			buildRules = (
			);
			dependencies = (
				E94903B8203C38DC00FE7396 /* PBXTargetDependency */,
			);
			name = ParkinCareUITests;
			productName = ParkinCareUITests;
			productReference = E94903B6203C38DC00FE7396 /* ParkinCareUITests.xctest */;
			productType = "com.apple.product-type.bundle.ui-testing";
		};
/* End PBXNativeTarget section */

/* Begin PBXProject section */
		E949038C203C38DC00FE7396 /* Project object */ = {
			isa = PBXProject;
			attributes = {
				LastSwiftUpdateCheck = 0830;
				LastUpgradeCheck = 0830;
				ORGANIZATIONNAME = Kopezaur;
				TargetAttributes = {
					E9490393203C38DC00FE7396 = {
						CreatedOnToolsVersion = 8.3.3;
						DevelopmentTeam = SJ48XHKXUX;
						ProvisioningStyle = Automatic;
					};
					E94903AA203C38DC00FE7396 = {
						CreatedOnToolsVersion = 8.3.3;
						DevelopmentTeam = SJ48XHKXUX;
						ProvisioningStyle = Automatic;
						TestTargetID = E9490393203C38DC00FE7396;
					};
					E94903B5203C38DC00FE7396 = {
						CreatedOnToolsVersion = 8.3.3;
						DevelopmentTeam = SJ48XHKXUX;
						ProvisioningStyle = Automatic;
						TestTargetID = E9490393203C38DC00FE7396;
					};
				};
			};
			buildConfigurationList = E949038F203C38DC00FE7396 /* Build configuration list for PBXProject "ParkinCare" */;
			compatibilityVersion = "Xcode 3.2";
			developmentRegion = English;
			hasScannedForEncodings = 0;
			knownRegions = (
				en,
				Base,
			);
			mainGroup = E949038B203C38DC00FE7396;
			productRefGroup = E9490395203C38DC00FE7396 /* Products */;
			projectDirPath = "";
			projectRoot = "";
			targets = (
				E9490393203C38DC00FE7396 /* ParkinCare */,
				E94903AA203C38DC00FE7396 /* ParkinCareTests */,
				E94903B5203C38DC00FE7396 /* ParkinCareUITests */,
			);
		};
/* End PBXProject section */

/* Begin PBXResourcesBuildPhase section */
		E9490392203C38DC00FE7396 /* Resources */ = {
			isa = PBXResourcesBuildPhase;
			buildActionMask = 2147483647;
			files = (
				E94903A5203C38DC00FE7396 /* LaunchScreen.storyboard in Resources */,
				E94903A2203C38DC00FE7396 /* Assets.xcassets in Resources */,
				E96D5406205830CA004562BE /* ParkinCareLogo.png in Resources */,
				E949039D203C38DC00FE7396 /* Main.storyboard in Resources */,
			);
			runOnlyForDeploymentPostprocessing = 0;
		};
		E94903A9203C38DC00FE7396 /* Resources */ = {
			isa = PBXResourcesBuildPhase;
			buildActionMask = 2147483647;
			files = (
			);
			runOnlyForDeploymentPostprocessing = 0;
		};
		E94903B4203C38DC00FE7396 /* Resources */ = {
			isa = PBXResourcesBuildPhase;
			buildActionMask = 2147483647;
			files = (
			);
			runOnlyForDeploymentPostprocessing = 0;
		};
/* End PBXResourcesBuildPhase section */

/* Begin PBXSourcesBuildPhase section */
		E9490390203C38DC00FE7396 /* Sources */ = {
			isa = PBXSourcesBuildPhase;
			buildActionMask = 2147483647;
			files = (
				15356CDF2045C5AE003A7EB8 /* DoseModel.swift in Sources */,
				15D08BF72061779500302868 /* ContactsViewController.swift in Sources */,
				E9F0FCDF20588C3400939660 /* DialogBoxHelper.swift in Sources */,
				E94E74CB20402B3100AECAC6 /* EvaluationModel.swift in Sources */,
				1581149020583434001A912F /* MedicamentTableViewCell.swift in Sources */,
				E949039A203C38DC00FE7396 /* ViewController.swift in Sources */,
				6F0B99B820453F7D00A1BEF8 /* RDVModel.swift in Sources */,
				E94903D2203C452F00FE7396 /* Prescriptions.swift in Sources */,
				E938375020454E16005A6FCF /* Professionals.swift in Sources */,
				E91C2D5120616CC100A2519B /* Professional.swift in Sources */,
				E9490398203C38DC00FE7396 /* AppDelegate.swift in Sources */,
				E94903A0203C38DC00FE7396 /* ParkinCare.xcdatamodeld in Sources */,
				15356CDD2045C562003A7EB8 /* MedicamentModel.swift in Sources */,
				E938374C20454C85005A6FCF /* ProfessionalModel.swift in Sources */,
				E9F0FCDD2058888500939660 /* CoreDataManager.swift in Sources */,
				1535056E2062665100D500D6 /* ContactViewController.swift in Sources */,
				6F0B99B620453ED200A1BEF8 /* RendezVousSet.swift in Sources */,
				15D08BF92061829200302868 /* NewContactViewController.swift in Sources */,
				E94E74CF20402C0C00AECAC6 /* Evaluations.swift in Sources */,
				15D08BFB2061843700302868 /* ProfessionalSetModel.swift in Sources */,
				E94903CE203C3E8100FE7396 /* UserModel.swift in Sources */,
				E94903CA203C3D1000FE7396 /* PrescriptionModel.swift in Sources */,
				E94E74C720402A2400AECAC6 /* ActivityModel.swift in Sources */,
				15D08BF520616DC000302868 /* ContactTableViewCell.swift in Sources */,
				E94E74C32040289000AECAC6 /* Activities.swift in Sources */,
				1581149220583903001A912F /* MedicamentViewController.swift in Sources */,
			);
			runOnlyForDeploymentPostprocessing = 0;
		};
		E94903A7203C38DC00FE7396 /* Sources */ = {
			isa = PBXSourcesBuildPhase;
			buildActionMask = 2147483647;
			files = (
				E94903B0203C38DC00FE7396 /* ParkinCareTests.swift in Sources */,
				E96D53FF205822F7004562BE /* ParkinCare.xcdatamodeld in Sources */,
				E94E74C42040289000AECAC6 /* Activities.swift in Sources */,
				E94903D3203C452F00FE7396 /* Prescriptions.swift in Sources */,
				E938375120454E16005A6FCF /* Professionals.swift in Sources */,
				E94E74D020402C0C00AECAC6 /* Evaluations.swift in Sources */,
			);
			runOnlyForDeploymentPostprocessing = 0;
		};
		E94903B2203C38DC00FE7396 /* Sources */ = {
			isa = PBXSourcesBuildPhase;
			buildActionMask = 2147483647;
			files = (
				E94903BB203C38DC00FE7396 /* ParkinCareUITests.swift in Sources */,
			);
			runOnlyForDeploymentPostprocessing = 0;
		};
/* End PBXSourcesBuildPhase section */

/* Begin PBXTargetDependency section */
		E94903AD203C38DC00FE7396 /* PBXTargetDependency */ = {
			isa = PBXTargetDependency;
			target = E9490393203C38DC00FE7396 /* ParkinCare */;
			targetProxy = E94903AC203C38DC00FE7396 /* PBXContainerItemProxy */;
		};
		E94903B8203C38DC00FE7396 /* PBXTargetDependency */ = {
			isa = PBXTargetDependency;
			target = E9490393203C38DC00FE7396 /* ParkinCare */;
			targetProxy = E94903B7203C38DC00FE7396 /* PBXContainerItemProxy */;
		};
/* End PBXTargetDependency section */

/* Begin PBXVariantGroup section */
		E949039B203C38DC00FE7396 /* Main.storyboard */ = {
			isa = PBXVariantGroup;
			children = (
				E949039C203C38DC00FE7396 /* Base */,
			);
			name = Main.storyboard;
			sourceTree = "<group>";
		};
		E94903A3203C38DC00FE7396 /* LaunchScreen.storyboard */ = {
			isa = PBXVariantGroup;
			children = (
				E94903A4203C38DC00FE7396 /* Base */,
			);
			name = LaunchScreen.storyboard;
			sourceTree = "<group>";
		};
/* End PBXVariantGroup section */

/* Begin XCBuildConfiguration section */
		E94903BD203C38DC00FE7396 /* Debug */ = {
			isa = XCBuildConfiguration;
			buildSettings = {
				ALWAYS_SEARCH_USER_PATHS = NO;
				CLANG_ANALYZER_NONNULL = YES;
				CLANG_ANALYZER_NUMBER_OBJECT_CONVERSION = YES_AGGRESSIVE;
				CLANG_CXX_LANGUAGE_STANDARD = "gnu++0x";
				CLANG_CXX_LIBRARY = "libc++";
				CLANG_ENABLE_MODULES = YES;
				CLANG_ENABLE_OBJC_ARC = YES;
				CLANG_WARN_BOOL_CONVERSION = YES;
				CLANG_WARN_CONSTANT_CONVERSION = YES;
				CLANG_WARN_DIRECT_OBJC_ISA_USAGE = YES_ERROR;
				CLANG_WARN_DOCUMENTATION_COMMENTS = YES;
				CLANG_WARN_EMPTY_BODY = YES;
				CLANG_WARN_ENUM_CONVERSION = YES;
				CLANG_WARN_INFINITE_RECURSION = YES;
				CLANG_WARN_INT_CONVERSION = YES;
				CLANG_WARN_OBJC_ROOT_CLASS = YES_ERROR;
				CLANG_WARN_SUSPICIOUS_MOVE = YES;
				CLANG_WARN_UNREACHABLE_CODE = YES;
				CLANG_WARN__DUPLICATE_METHOD_MATCH = YES;
				"CODE_SIGN_IDENTITY[sdk=iphoneos*]" = "iPhone Developer";
				COPY_PHASE_STRIP = NO;
				DEBUG_INFORMATION_FORMAT = dwarf;
				ENABLE_STRICT_OBJC_MSGSEND = YES;
				ENABLE_TESTABILITY = YES;
				GCC_C_LANGUAGE_STANDARD = gnu99;
				GCC_DYNAMIC_NO_PIC = NO;
				GCC_NO_COMMON_BLOCKS = YES;
				GCC_OPTIMIZATION_LEVEL = 0;
				GCC_PREPROCESSOR_DEFINITIONS = (
					"DEBUG=1",
					"$(inherited)",
				);
				GCC_WARN_64_TO_32_BIT_CONVERSION = YES;
				GCC_WARN_ABOUT_RETURN_TYPE = YES_ERROR;
				GCC_WARN_UNDECLARED_SELECTOR = YES;
				GCC_WARN_UNINITIALIZED_AUTOS = YES_AGGRESSIVE;
				GCC_WARN_UNUSED_FUNCTION = YES;
				GCC_WARN_UNUSED_VARIABLE = YES;
				IPHONEOS_DEPLOYMENT_TARGET = 10.3;
				MTL_ENABLE_DEBUG_INFO = YES;
				ONLY_ACTIVE_ARCH = YES;
				SDKROOT = iphoneos;
				SWIFT_ACTIVE_COMPILATION_CONDITIONS = DEBUG;
				SWIFT_OPTIMIZATION_LEVEL = "-Onone";
				TARGETED_DEVICE_FAMILY = "1,2";
			};
			name = Debug;
		};
		E94903BE203C38DC00FE7396 /* Release */ = {
			isa = XCBuildConfiguration;
			buildSettings = {
				ALWAYS_SEARCH_USER_PATHS = NO;
				CLANG_ANALYZER_NONNULL = YES;
				CLANG_ANALYZER_NUMBER_OBJECT_CONVERSION = YES_AGGRESSIVE;
				CLANG_CXX_LANGUAGE_STANDARD = "gnu++0x";
				CLANG_CXX_LIBRARY = "libc++";
				CLANG_ENABLE_MODULES = YES;
				CLANG_ENABLE_OBJC_ARC = YES;
				CLANG_WARN_BOOL_CONVERSION = YES;
				CLANG_WARN_CONSTANT_CONVERSION = YES;
				CLANG_WARN_DIRECT_OBJC_ISA_USAGE = YES_ERROR;
				CLANG_WARN_DOCUMENTATION_COMMENTS = YES;
				CLANG_WARN_EMPTY_BODY = YES;
				CLANG_WARN_ENUM_CONVERSION = YES;
				CLANG_WARN_INFINITE_RECURSION = YES;
				CLANG_WARN_INT_CONVERSION = YES;
				CLANG_WARN_OBJC_ROOT_CLASS = YES_ERROR;
				CLANG_WARN_SUSPICIOUS_MOVE = YES;
				CLANG_WARN_UNREACHABLE_CODE = YES;
				CLANG_WARN__DUPLICATE_METHOD_MATCH = YES;
				"CODE_SIGN_IDENTITY[sdk=iphoneos*]" = "iPhone Developer";
				COPY_PHASE_STRIP = NO;
				DEBUG_INFORMATION_FORMAT = "dwarf-with-dsym";
				ENABLE_NS_ASSERTIONS = NO;
				ENABLE_STRICT_OBJC_MSGSEND = YES;
				GCC_C_LANGUAGE_STANDARD = gnu99;
				GCC_NO_COMMON_BLOCKS = YES;
				GCC_WARN_64_TO_32_BIT_CONVERSION = YES;
				GCC_WARN_ABOUT_RETURN_TYPE = YES_ERROR;
				GCC_WARN_UNDECLARED_SELECTOR = YES;
				GCC_WARN_UNINITIALIZED_AUTOS = YES_AGGRESSIVE;
				GCC_WARN_UNUSED_FUNCTION = YES;
				GCC_WARN_UNUSED_VARIABLE = YES;
				IPHONEOS_DEPLOYMENT_TARGET = 10.3;
				MTL_ENABLE_DEBUG_INFO = NO;
				SDKROOT = iphoneos;
				SWIFT_OPTIMIZATION_LEVEL = "-Owholemodule";
				TARGETED_DEVICE_FAMILY = "1,2";
				VALIDATE_PRODUCT = YES;
			};
			name = Release;
		};
		E94903C0203C38DC00FE7396 /* Debug */ = {
			isa = XCBuildConfiguration;
			buildSettings = {
				ASSETCATALOG_COMPILER_APPICON_NAME = AppIcon;
				DEVELOPMENT_TEAM = SJ48XHKXUX;
				INFOPLIST_FILE = ParkinCare/Info.plist;
				LD_RUNPATH_SEARCH_PATHS = "$(inherited) @executable_path/Frameworks";
				PRODUCT_BUNDLE_IDENTIFIER = PolytechMontpellier.ParkinCare;
				PRODUCT_NAME = "$(TARGET_NAME)";
				SWIFT_VERSION = 3.0;
			};
			name = Debug;
		};
		E94903C1203C38DC00FE7396 /* Release */ = {
			isa = XCBuildConfiguration;
			buildSettings = {
				ASSETCATALOG_COMPILER_APPICON_NAME = AppIcon;
				DEVELOPMENT_TEAM = SJ48XHKXUX;
				INFOPLIST_FILE = ParkinCare/Info.plist;
				LD_RUNPATH_SEARCH_PATHS = "$(inherited) @executable_path/Frameworks";
				PRODUCT_BUNDLE_IDENTIFIER = PolytechMontpellier.ParkinCare;
				PRODUCT_NAME = "$(TARGET_NAME)";
				SWIFT_VERSION = 3.0;
			};
			name = Release;
		};
		E94903C3203C38DC00FE7396 /* Debug */ = {
			isa = XCBuildConfiguration;
			buildSettings = {
				ALWAYS_EMBED_SWIFT_STANDARD_LIBRARIES = YES;
				BUNDLE_LOADER = "$(TEST_HOST)";
				DEVELOPMENT_TEAM = SJ48XHKXUX;
				INFOPLIST_FILE = ParkinCareTests/Info.plist;
				LD_RUNPATH_SEARCH_PATHS = "$(inherited) @executable_path/Frameworks @loader_path/Frameworks";
				PRODUCT_BUNDLE_IDENTIFIER = PolytechMontpellier.ParkinCareTests;
				PRODUCT_NAME = "$(TARGET_NAME)";
				SWIFT_VERSION = 3.0;
				TEST_HOST = "$(BUILT_PRODUCTS_DIR)/ParkinCare.app/ParkinCare";
			};
			name = Debug;
		};
		E94903C4203C38DC00FE7396 /* Release */ = {
			isa = XCBuildConfiguration;
			buildSettings = {
				ALWAYS_EMBED_SWIFT_STANDARD_LIBRARIES = YES;
				BUNDLE_LOADER = "$(TEST_HOST)";
				DEVELOPMENT_TEAM = SJ48XHKXUX;
				INFOPLIST_FILE = ParkinCareTests/Info.plist;
				LD_RUNPATH_SEARCH_PATHS = "$(inherited) @executable_path/Frameworks @loader_path/Frameworks";
				PRODUCT_BUNDLE_IDENTIFIER = PolytechMontpellier.ParkinCareTests;
				PRODUCT_NAME = "$(TARGET_NAME)";
				SWIFT_VERSION = 3.0;
				TEST_HOST = "$(BUILT_PRODUCTS_DIR)/ParkinCare.app/ParkinCare";
			};
			name = Release;
		};
		E94903C6203C38DC00FE7396 /* Debug */ = {
			isa = XCBuildConfiguration;
			buildSettings = {
				ALWAYS_EMBED_SWIFT_STANDARD_LIBRARIES = YES;
				DEVELOPMENT_TEAM = SJ48XHKXUX;
				INFOPLIST_FILE = ParkinCareUITests/Info.plist;
				LD_RUNPATH_SEARCH_PATHS = "$(inherited) @executable_path/Frameworks @loader_path/Frameworks";
				PRODUCT_BUNDLE_IDENTIFIER = PolytechMontpellier.ParkinCareUITests;
				PRODUCT_NAME = "$(TARGET_NAME)";
				SWIFT_VERSION = 3.0;
				TEST_TARGET_NAME = ParkinCare;
			};
			name = Debug;
		};
		E94903C7203C38DC00FE7396 /* Release */ = {
			isa = XCBuildConfiguration;
			buildSettings = {
				ALWAYS_EMBED_SWIFT_STANDARD_LIBRARIES = YES;
				DEVELOPMENT_TEAM = SJ48XHKXUX;
				INFOPLIST_FILE = ParkinCareUITests/Info.plist;
				LD_RUNPATH_SEARCH_PATHS = "$(inherited) @executable_path/Frameworks @loader_path/Frameworks";
				PRODUCT_BUNDLE_IDENTIFIER = PolytechMontpellier.ParkinCareUITests;
				PRODUCT_NAME = "$(TARGET_NAME)";
				SWIFT_VERSION = 3.0;
				TEST_TARGET_NAME = ParkinCare;
			};
			name = Release;
		};
/* End XCBuildConfiguration section */

/* Begin XCConfigurationList section */
		E949038F203C38DC00FE7396 /* Build configuration list for PBXProject "ParkinCare" */ = {
			isa = XCConfigurationList;
			buildConfigurations = (
				E94903BD203C38DC00FE7396 /* Debug */,
				E94903BE203C38DC00FE7396 /* Release */,
			);
			defaultConfigurationIsVisible = 0;
			defaultConfigurationName = Release;
		};
		E94903BF203C38DC00FE7396 /* Build configuration list for PBXNativeTarget "ParkinCare" */ = {
			isa = XCConfigurationList;
			buildConfigurations = (
				E94903C0203C38DC00FE7396 /* Debug */,
				E94903C1203C38DC00FE7396 /* Release */,
			);
			defaultConfigurationIsVisible = 0;
			defaultConfigurationName = Release;
		};
		E94903C2203C38DC00FE7396 /* Build configuration list for PBXNativeTarget "ParkinCareTests" */ = {
			isa = XCConfigurationList;
			buildConfigurations = (
				E94903C3203C38DC00FE7396 /* Debug */,
				E94903C4203C38DC00FE7396 /* Release */,
			);
			defaultConfigurationIsVisible = 0;
			defaultConfigurationName = Release;
		};
		E94903C5203C38DC00FE7396 /* Build configuration list for PBXNativeTarget "ParkinCareUITests" */ = {
			isa = XCConfigurationList;
			buildConfigurations = (
				E94903C6203C38DC00FE7396 /* Debug */,
				E94903C7203C38DC00FE7396 /* Release */,
			);
			defaultConfigurationIsVisible = 0;
			defaultConfigurationName = Release;
		};
/* End XCConfigurationList section */

/* Begin XCVersionGroup section */
		E949039E203C38DC00FE7396 /* ParkinCare.xcdatamodeld */ = {
			isa = XCVersionGroup;
			children = (
				E949039F203C38DC00FE7396 /* ParkinCare.xcdatamodel */,
			);
			currentVersion = E949039F203C38DC00FE7396 /* ParkinCare.xcdatamodel */;
			path = ParkinCare.xcdatamodeld;
			sourceTree = "<group>";
			versionGroupType = wrapper.xcdatamodel;
		};
/* End XCVersionGroup section */
	};
	rootObject = E949038C203C38DC00FE7396 /* Project object */;
}
